
Microsoft Visual Studio Solution File, Format Version 12.00
# Visual Studio Version 17
VisualStudioVersion = 17.14.36221.1
MinimumVisualStudioVersion = 10.0.40219.1
Project("{8BC9CEB8-8B4A-11D0-8D11-00A0C91BC942}") = "GameEngine", "GameEngine.vcxproj", "{7E7CE090-C90D-4062-ACC1-955F22312E42}"
EndProject
Project("{8BC9CEB8-8B4A-11D0-8D11-00A0C91BC942}") = "ShaderInfoManager", "..\ShaderInfoManager\ShaderInfoManager.vcxproj", "{E29A831B-27CF-4B7A-BD1A-9710F8FEB3A9}"
EndProject
Project("{8BC9CEB8-8B4A-11D0-8D11-00A0C91BC942}") = "ShaderIO", "..\ShaderIO\ShaderIO.vcxproj", "{DF485CE1-959B-41FE-B8C4-1B1B333BE932}"
EndProject
Global
	GlobalSection(SolutionConfigurationPlatforms) = preSolution
		Debug|x64 = Debug|x64
		Debug|x86 = Debug|x86
		Release|x64 = Release|x64
		Release|x86 = Release|x86
	EndGlobalSection
	GlobalSection(ProjectConfigurationPlatforms) = postSolution
		{7E7CE090-C90D-4062-ACC1-955F22312E42}.Debug|x64.ActiveCfg = Debug|x64
		{7E7CE090-C90D-4062-ACC1-955F22312E42}.Debug|x64.Build.0 = Debug|x64
		{7E7CE090-C90D-4062-ACC1-955F22312E42}.Debug|x86.ActiveCfg = Debug|Win32
		{7E7CE090-C90D-4062-ACC1-955F22312E42}.Debug|x86.Build.0 = Debug|Win32
		{7E7CE090-C90D-4062-ACC1-955F22312E42}.Release|x64.ActiveCfg = Release|x64
		{7E7CE090-C90D-4062-ACC1-955F22312E42}.Release|x64.Build.0 = Release|x64
		{7E7CE090-C90D-4062-ACC1-955F22312E42}.Release|x86.ActiveCfg = Release|Win32
		{7E7CE090-C90D-4062-ACC1-955F22312E42}.Release|x86.Build.0 = Release|Win32
		{E29A831B-27CF-4B7A-BD1A-9710F8FEB3A9}.Debug|x64.ActiveCfg = Debug|x64
		{E29A831B-27CF-4B7A-BD1A-9710F8FEB3A9}.Debug|x64.Build.0 = Debug|x64
		{E29A831B-27CF-4B7A-BD1A-9710F8FEB3A9}.Debug|x86.ActiveCfg = Debug|Win32
		{E29A831B-27CF-4B7A-BD1A-9710F8FEB3A9}.Debug|x86.Build.0 = Debug|Win32
		{E29A831B-27CF-4B7A-BD1A-9710F8FEB3A9}.Release|x64.ActiveCfg = Release|x64
		{E29A831B-27CF-4B7A-BD1A-9710F8FEB3A9}.Release|x64.Build.0 = Release|x64
		{E29A831B-27CF-4B7A-BD1A-9710F8FEB3A9}.Release|x86.ActiveCfg = Release|Win32
		{E29A831B-27CF-4B7A-BD1A-9710F8FEB3A9}.Release|x86.Build.0 = Release|Win32
		{DF485CE1-959B-41FE-B8C4-1B1B333BE932}.Debug|x64.ActiveCfg = Debug|x64
		{DF485CE1-959B-41FE-B8C4-1B1B333BE932}.Debug|x64.Build.0 = Debug|x64
		{DF485CE1-959B-41FE-B8C4-1B1B333BE932}.Debug|x86.ActiveCfg = Debug|Win32
		{DF485CE1-959B-41FE-B8C4-1B1B333BE932}.Debug|x86.Build.0 = Debug|Win32
		{DF485CE1-959B-41FE-B8C4-1B1B333BE932}.Release|x64.ActiveCfg = Release|x64
		{DF485CE1-959B-41FE-B8C4-1B1B333BE932}.Release|x64.Build.0 = Release|x64
		{DF485CE1-959B-41FE-B8C4-1B1B333BE932}.Release|x86.ActiveCfg = Release|Win32
		{DF485CE1-959B-41FE-B8C4-1B1B333BE932}.Release|x86.Build.0 = Release|Win32
	EndGlobalSection
	GlobalSection(SolutionProperties) = preSolution
		HideSolutionNode = FALSE
	EndGlobalSection
	GlobalSection(ExtensibilityGlobals) = postSolution
		SolutionGuid = {179BE4DE-FE70-43FA-AAE2-9AF8755594C0}
	EndGlobalSection
EndGlobal
